
Microsoft Visual Studio Solution File, Format Version 12.00
# Visual Studio 14
VisualStudioVersion = 14.0.25420.1
MinimumVisualStudioVersion = 10.0.40219.1
Project("{8BC9CEB8-8B4A-11D0-8D11-00A0C91BC942}") = "CVTutor.ImgProc.Smoothing01", "CVTutor.ImgProc.Smoothing01\CVTutor.ImgProc.Smoothing01.vcxproj", "{42C1169A-956B-4573-94D0-68ADD0D510C7}"
EndProject
Project("{8BC9CEB8-8B4A-11D0-8D11-00A0C91BC942}") = "CVTutor.ImgProc.Erosion01", "CVTutor.ImgProc.Erosion01\CVTutor.ImgProc.Erosion01.vcxproj", "{A5761252-96F6-438A-AD3B-8C0BD6340FC3}"
EndProject
Project("{8BC9CEB8-8B4A-11D0-8D11-00A0C91BC942}") = "CVTutor.ImgProc.MorphEx01", "CVTutor.ImgProc.MorphEx01\CVTutor.ImgProc.MorphEx01.vcxproj", "{2594F3E4-8498-42D3-9092-9521ED7D832F}"
EndProject
Project("{8BC9CEB8-8B4A-11D0-8D11-00A0C91BC942}") = "CVTutor.ImgProc.Edge01", "CVTutor.ImgProc.Edge01\CVTutor.ImgProc.Edge01.vcxproj", "{FE2BD1FB-2CBE-4157-ACFE-AF5CF6FFABB2}"
EndProject
Project("{8BC9CEB8-8B4A-11D0-8D11-00A0C91BC942}") = "CVTutor.ImgProc.CommonLib", "CVTutor.ImgProc.CommonLib\CVTutor.ImgProc.CommonLib.vcxproj", "{D3F6FA6B-7B8D-499F-B21C-CC3F73896C16}"
EndProject
Project("{8BC9CEB8-8B4A-11D0-8D11-00A0C91BC942}") = "CVTutor.ImgProc.Pyramid01", "CVTutor.ImgProc.Pyramid01\CVTutor.ImgProc.Pyramid01.vcxproj", "{5AE0D954-6E10-432D-9064-931F1FF35B81}"
EndProject
Project("{8BC9CEB8-8B4A-11D0-8D11-00A0C91BC942}") = "CVTutor.ImgProc.Thresholding01", "CVTutor.ImgProc.Thresholding01\CVTutor.ImgProc.Thresholding01.vcxproj", "{E5DC5391-8CFA-4BE6-83FE-0BE394BA60B6}"
EndProject
Project("{8BC9CEB8-8B4A-11D0-8D11-00A0C91BC942}") = "CVTutor.ImgProc.LinearFilters01", "CVTutor.ImgProc.LinearFilters01\CVTutor.ImgProc.LinearFilters01.vcxproj", "{96C8C200-29B0-40AF-89FA-2D687759A794}"
EndProject
Project("{8BC9CEB8-8B4A-11D0-8D11-00A0C91BC942}") = "CVTutor.ImgProc.Borders01", "CVTutor.ImgProc.Borders01\CVTutor.ImgProc.Borders01.vcxproj", "{C7912E37-4535-4F0C-8F31-F7DE8AE00EB5}"
EndProject
Project("{8BC9CEB8-8B4A-11D0-8D11-00A0C91BC942}") = "CVTutor.ImgProc.Sobel01", "CVTutor.ImgProc.Sobel01\CVTutor.ImgProc.Sobel01.vcxproj", "{34DF16D6-05F9-47BD-9925-70E76307873A}"
EndProject
Project("{8BC9CEB8-8B4A-11D0-8D11-00A0C91BC942}") = "CVTutor.ImgProc.Laplace01", "CVTutor.ImgProc.Laplace01\CVTutor.ImgProc.Laplace01.vcxproj", "{14DD7DB6-95FA-476E-BCF1-8A101A823A13}"
EndProject
Project("{8BC9CEB8-8B4A-11D0-8D11-00A0C91BC942}") = "CVTutor.ImgProc.CannyDetector01", "CVTutor.ImgProc.CannyDetector01\CVTutor.ImgProc.CannyDetector01.vcxproj", "{C439097B-C68E-4785-BF9B-936C9E1B1CF5}"
EndProject
Project("{8BC9CEB8-8B4A-11D0-8D11-00A0C91BC942}") = "CVTutor.ImgProc.HoughLine01", "CVTutor.ImgProc.HoughLine01\CVTutor.ImgProc.HoughLine01.vcxproj", "{24364ECF-BDF4-4886-8C52-FDE7F6A8BE31}"
EndProject
Project("{8BC9CEB8-8B4A-11D0-8D11-00A0C91BC942}") = "CVTutor.ImgProc.HoughCircle01", "CVTutor.ImgProc.HoughCircle01\CVTutor.ImgProc.HoughCircle01.vcxproj", "{D62029BE-ABD8-479B-B46B-69E073DD1C67}"
EndProject
Project("{8BC9CEB8-8B4A-11D0-8D11-00A0C91BC942}") = "CVTutor.ImgProc.Remapping01", "CVTutor.ImgProc.Remapping01\CVTutor.ImgProc.Remapping01.vcxproj", "{C65259F2-5E84-46CF-B766-FDEECB4B9AAD}"
EndProject
Project("{8BC9CEB8-8B4A-11D0-8D11-00A0C91BC942}") = "CVTutor.ImgProc.AffineTransform01", "CVTutor.ImgProc.AffineTransform01\CVTutor.ImgProc.AffineTransform01.vcxproj", "{984B7F0B-B45A-4F9C-B452-2831AC6D0B58}"
EndProject
Global
	GlobalSection(SolutionConfigurationPlatforms) = preSolution
		Debug|x64 = Debug|x64
		Debug|x86 = Debug|x86
		Release|x64 = Release|x64
		Release|x86 = Release|x86
	EndGlobalSection
	GlobalSection(ProjectConfigurationPlatforms) = postSolution
		{42C1169A-956B-4573-94D0-68ADD0D510C7}.Debug|x64.ActiveCfg = Debug|x64
		{42C1169A-956B-4573-94D0-68ADD0D510C7}.Debug|x64.Build.0 = Debug|x64
		{42C1169A-956B-4573-94D0-68ADD0D510C7}.Debug|x86.ActiveCfg = Debug|Win32
		{42C1169A-956B-4573-94D0-68ADD0D510C7}.Debug|x86.Build.0 = Debug|Win32
		{42C1169A-956B-4573-94D0-68ADD0D510C7}.Release|x64.ActiveCfg = Release|x64
		{42C1169A-956B-4573-94D0-68ADD0D510C7}.Release|x64.Build.0 = Release|x64
		{42C1169A-956B-4573-94D0-68ADD0D510C7}.Release|x86.ActiveCfg = Release|Win32
		{42C1169A-956B-4573-94D0-68ADD0D510C7}.Release|x86.Build.0 = Release|Win32
		{A5761252-96F6-438A-AD3B-8C0BD6340FC3}.Debug|x64.ActiveCfg = Debug|x64
		{A5761252-96F6-438A-AD3B-8C0BD6340FC3}.Debug|x64.Build.0 = Debug|x64
		{A5761252-96F6-438A-AD3B-8C0BD6340FC3}.Debug|x86.ActiveCfg = Debug|Win32
		{A5761252-96F6-438A-AD3B-8C0BD6340FC3}.Debug|x86.Build.0 = Debug|Win32
		{A5761252-96F6-438A-AD3B-8C0BD6340FC3}.Release|x64.ActiveCfg = Release|x64
		{A5761252-96F6-438A-AD3B-8C0BD6340FC3}.Release|x64.Build.0 = Release|x64
		{A5761252-96F6-438A-AD3B-8C0BD6340FC3}.Release|x86.ActiveCfg = Release|Win32
		{A5761252-96F6-438A-AD3B-8C0BD6340FC3}.Release|x86.Build.0 = Release|Win32
		{2594F3E4-8498-42D3-9092-9521ED7D832F}.Debug|x64.ActiveCfg = Debug|x64
		{2594F3E4-8498-42D3-9092-9521ED7D832F}.Debug|x64.Build.0 = Debug|x64
		{2594F3E4-8498-42D3-9092-9521ED7D832F}.Debug|x86.ActiveCfg = Debug|Win32
		{2594F3E4-8498-42D3-9092-9521ED7D832F}.Debug|x86.Build.0 = Debug|Win32
		{2594F3E4-8498-42D3-9092-9521ED7D832F}.Release|x64.ActiveCfg = Release|x64
		{2594F3E4-8498-42D3-9092-9521ED7D832F}.Release|x64.Build.0 = Release|x64
		{2594F3E4-8498-42D3-9092-9521ED7D832F}.Release|x86.ActiveCfg = Release|Win32
		{2594F3E4-8498-42D3-9092-9521ED7D832F}.Release|x86.Build.0 = Release|Win32
		{FE2BD1FB-2CBE-4157-ACFE-AF5CF6FFABB2}.Debug|x64.ActiveCfg = Debug|x64
		{FE2BD1FB-2CBE-4157-ACFE-AF5CF6FFABB2}.Debug|x64.Build.0 = Debug|x64
		{FE2BD1FB-2CBE-4157-ACFE-AF5CF6FFABB2}.Debug|x86.ActiveCfg = Debug|Win32
		{FE2BD1FB-2CBE-4157-ACFE-AF5CF6FFABB2}.Debug|x86.Build.0 = Debug|Win32
		{FE2BD1FB-2CBE-4157-ACFE-AF5CF6FFABB2}.Release|x64.ActiveCfg = Release|x64
		{FE2BD1FB-2CBE-4157-ACFE-AF5CF6FFABB2}.Release|x64.Build.0 = Release|x64
		{FE2BD1FB-2CBE-4157-ACFE-AF5CF6FFABB2}.Release|x86.ActiveCfg = Release|Win32
		{FE2BD1FB-2CBE-4157-ACFE-AF5CF6FFABB2}.Release|x86.Build.0 = Release|Win32
		{D3F6FA6B-7B8D-499F-B21C-CC3F73896C16}.Debug|x64.ActiveCfg = Debug|x64
		{D3F6FA6B-7B8D-499F-B21C-CC3F73896C16}.Debug|x64.Build.0 = Debug|x64
		{D3F6FA6B-7B8D-499F-B21C-CC3F73896C16}.Debug|x86.ActiveCfg = Debug|Win32
		{D3F6FA6B-7B8D-499F-B21C-CC3F73896C16}.Debug|x86.Build.0 = Debug|Win32
		{D3F6FA6B-7B8D-499F-B21C-CC3F73896C16}.Release|x64.ActiveCfg = Release|x64
		{D3F6FA6B-7B8D-499F-B21C-CC3F73896C16}.Release|x64.Build.0 = Release|x64
		{D3F6FA6B-7B8D-499F-B21C-CC3F73896C16}.Release|x86.ActiveCfg = Release|Win32
		{D3F6FA6B-7B8D-499F-B21C-CC3F73896C16}.Release|x86.Build.0 = Release|Win32
		{5AE0D954-6E10-432D-9064-931F1FF35B81}.Debug|x64.ActiveCfg = Debug|x64
		{5AE0D954-6E10-432D-9064-931F1FF35B81}.Debug|x64.Build.0 = Debug|x64
		{5AE0D954-6E10-432D-9064-931F1FF35B81}.Debug|x86.ActiveCfg = Debug|Win32
		{5AE0D954-6E10-432D-9064-931F1FF35B81}.Debug|x86.Build.0 = Debug|Win32
		{5AE0D954-6E10-432D-9064-931F1FF35B81}.Release|x64.ActiveCfg = Release|x64
		{5AE0D954-6E10-432D-9064-931F1FF35B81}.Release|x64.Build.0 = Release|x64
		{5AE0D954-6E10-432D-9064-931F1FF35B81}.Release|x86.ActiveCfg = Release|Win32
		{5AE0D954-6E10-432D-9064-931F1FF35B81}.Release|x86.Build.0 = Release|Win32
		{E5DC5391-8CFA-4BE6-83FE-0BE394BA60B6}.Debug|x64.ActiveCfg = Debug|x64
		{E5DC5391-8CFA-4BE6-83FE-0BE394BA60B6}.Debug|x64.Build.0 = Debug|x64
		{E5DC5391-8CFA-4BE6-83FE-0BE394BA60B6}.Debug|x86.ActiveCfg = Debug|Win32
		{E5DC5391-8CFA-4BE6-83FE-0BE394BA60B6}.Debug|x86.Build.0 = Debug|Win32
		{E5DC5391-8CFA-4BE6-83FE-0BE394BA60B6}.Release|x64.ActiveCfg = Release|x64
		{E5DC5391-8CFA-4BE6-83FE-0BE394BA60B6}.Release|x64.Build.0 = Release|x64
		{E5DC5391-8CFA-4BE6-83FE-0BE394BA60B6}.Release|x86.ActiveCfg = Release|Win32
		{E5DC5391-8CFA-4BE6-83FE-0BE394BA60B6}.Release|x86.Build.0 = Release|Win32
		{96C8C200-29B0-40AF-89FA-2D687759A794}.Debug|x64.ActiveCfg = Debug|x64
		{96C8C200-29B0-40AF-89FA-2D687759A794}.Debug|x64.Build.0 = Debug|x64
		{96C8C200-29B0-40AF-89FA-2D687759A794}.Debug|x86.ActiveCfg = Debug|Win32
		{96C8C200-29B0-40AF-89FA-2D687759A794}.Debug|x86.Build.0 = Debug|Win32
		{96C8C200-29B0-40AF-89FA-2D687759A794}.Release|x64.ActiveCfg = Release|x64
		{96C8C200-29B0-40AF-89FA-2D687759A794}.Release|x64.Build.0 = Release|x64
		{96C8C200-29B0-40AF-89FA-2D687759A794}.Release|x86.ActiveCfg = Release|Win32
		{96C8C200-29B0-40AF-89FA-2D687759A794}.Release|x86.Build.0 = Release|Win32
		{C7912E37-4535-4F0C-8F31-F7DE8AE00EB5}.Debug|x64.ActiveCfg = Debug|x64
		{C7912E37-4535-4F0C-8F31-F7DE8AE00EB5}.Debug|x64.Build.0 = Debug|x64
		{C7912E37-4535-4F0C-8F31-F7DE8AE00EB5}.Debug|x86.ActiveCfg = Debug|Win32
		{C7912E37-4535-4F0C-8F31-F7DE8AE00EB5}.Debug|x86.Build.0 = Debug|Win32
		{C7912E37-4535-4F0C-8F31-F7DE8AE00EB5}.Release|x64.ActiveCfg = Release|x64
		{C7912E37-4535-4F0C-8F31-F7DE8AE00EB5}.Release|x64.Build.0 = Release|x64
		{C7912E37-4535-4F0C-8F31-F7DE8AE00EB5}.Release|x86.ActiveCfg = Release|Win32
		{C7912E37-4535-4F0C-8F31-F7DE8AE00EB5}.Release|x86.Build.0 = Release|Win32
		{34DF16D6-05F9-47BD-9925-70E76307873A}.Debug|x64.ActiveCfg = Debug|x64
		{34DF16D6-05F9-47BD-9925-70E76307873A}.Debug|x64.Build.0 = Debug|x64
		{34DF16D6-05F9-47BD-9925-70E76307873A}.Debug|x86.ActiveCfg = Debug|Win32
		{34DF16D6-05F9-47BD-9925-70E76307873A}.Debug|x86.Build.0 = Debug|Win32
		{34DF16D6-05F9-47BD-9925-70E76307873A}.Release|x64.ActiveCfg = Release|x64
		{34DF16D6-05F9-47BD-9925-70E76307873A}.Release|x64.Build.0 = Release|x64
		{34DF16D6-05F9-47BD-9925-70E76307873A}.Release|x86.ActiveCfg = Release|Win32
		{34DF16D6-05F9-47BD-9925-70E76307873A}.Release|x86.Build.0 = Release|Win32
		{14DD7DB6-95FA-476E-BCF1-8A101A823A13}.Debug|x64.ActiveCfg = Debug|x64
		{14DD7DB6-95FA-476E-BCF1-8A101A823A13}.Debug|x64.Build.0 = Debug|x64
		{14DD7DB6-95FA-476E-BCF1-8A101A823A13}.Debug|x86.ActiveCfg = Debug|Win32
		{14DD7DB6-95FA-476E-BCF1-8A101A823A13}.Debug|x86.Build.0 = Debug|Win32
		{14DD7DB6-95FA-476E-BCF1-8A101A823A13}.Release|x64.ActiveCfg = Release|x64
		{14DD7DB6-95FA-476E-BCF1-8A101A823A13}.Release|x64.Build.0 = Release|x64
		{14DD7DB6-95FA-476E-BCF1-8A101A823A13}.Release|x86.ActiveCfg = Release|Win32
		{14DD7DB6-95FA-476E-BCF1-8A101A823A13}.Release|x86.Build.0 = Release|Win32
		{C439097B-C68E-4785-BF9B-936C9E1B1CF5}.Debug|x64.ActiveCfg = Debug|x64
		{C439097B-C68E-4785-BF9B-936C9E1B1CF5}.Debug|x64.Build.0 = Debug|x64
		{C439097B-C68E-4785-BF9B-936C9E1B1CF5}.Debug|x86.ActiveCfg = Debug|Win32
		{C439097B-C68E-4785-BF9B-936C9E1B1CF5}.Debug|x86.Build.0 = Debug|Win32
		{C439097B-C68E-4785-BF9B-936C9E1B1CF5}.Release|x64.ActiveCfg = Release|x64
		{C439097B-C68E-4785-BF9B-936C9E1B1CF5}.Release|x64.Build.0 = Release|x64
		{C439097B-C68E-4785-BF9B-936C9E1B1CF5}.Release|x86.ActiveCfg = Release|Win32
		{C439097B-C68E-4785-BF9B-936C9E1B1CF5}.Release|x86.Build.0 = Release|Win32
		{24364ECF-BDF4-4886-8C52-FDE7F6A8BE31}.Debug|x64.ActiveCfg = Debug|x64
		{24364ECF-BDF4-4886-8C52-FDE7F6A8BE31}.Debug|x64.Build.0 = Debug|x64
		{24364ECF-BDF4-4886-8C52-FDE7F6A8BE31}.Debug|x86.ActiveCfg = Debug|Win32
		{24364ECF-BDF4-4886-8C52-FDE7F6A8BE31}.Debug|x86.Build.0 = Debug|Win32
		{24364ECF-BDF4-4886-8C52-FDE7F6A8BE31}.Release|x64.ActiveCfg = Release|x64
		{24364ECF-BDF4-4886-8C52-FDE7F6A8BE31}.Release|x64.Build.0 = Release|x64
		{24364ECF-BDF4-4886-8C52-FDE7F6A8BE31}.Release|x86.ActiveCfg = Release|Win32
		{24364ECF-BDF4-4886-8C52-FDE7F6A8BE31}.Release|x86.Build.0 = Release|Win32
		{D62029BE-ABD8-479B-B46B-69E073DD1C67}.Debug|x64.ActiveCfg = Debug|x64
		{D62029BE-ABD8-479B-B46B-69E073DD1C67}.Debug|x64.Build.0 = Debug|x64
		{D62029BE-ABD8-479B-B46B-69E073DD1C67}.Debug|x86.ActiveCfg = Debug|Win32
		{D62029BE-ABD8-479B-B46B-69E073DD1C67}.Debug|x86.Build.0 = Debug|Win32
		{D62029BE-ABD8-479B-B46B-69E073DD1C67}.Release|x64.ActiveCfg = Release|x64
		{D62029BE-ABD8-479B-B46B-69E073DD1C67}.Release|x64.Build.0 = Release|x64
		{D62029BE-ABD8-479B-B46B-69E073DD1C67}.Release|x86.ActiveCfg = Release|Win32
		{D62029BE-ABD8-479B-B46B-69E073DD1C67}.Release|x86.Build.0 = Release|Win32
		{C65259F2-5E84-46CF-B766-FDEECB4B9AAD}.Debug|x64.ActiveCfg = Debug|x64
		{C65259F2-5E84-46CF-B766-FDEECB4B9AAD}.Debug|x64.Build.0 = Debug|x64
		{C65259F2-5E84-46CF-B766-FDEECB4B9AAD}.Debug|x86.ActiveCfg = Debug|Win32
		{C65259F2-5E84-46CF-B766-FDEECB4B9AAD}.Debug|x86.Build.0 = Debug|Win32
		{C65259F2-5E84-46CF-B766-FDEECB4B9AAD}.Release|x64.ActiveCfg = Release|x64
		{C65259F2-5E84-46CF-B766-FDEECB4B9AAD}.Release|x64.Build.0 = Release|x64
		{C65259F2-5E84-46CF-B766-FDEECB4B9AAD}.Release|x86.ActiveCfg = Release|Win32
		{C65259F2-5E84-46CF-B766-FDEECB4B9AAD}.Release|x86.Build.0 = Release|Win32
		{984B7F0B-B45A-4F9C-B452-2831AC6D0B58}.Debug|x64.ActiveCfg = Debug|x64
		{984B7F0B-B45A-4F9C-B452-2831AC6D0B58}.Debug|x64.Build.0 = Debug|x64
		{984B7F0B-B45A-4F9C-B452-2831AC6D0B58}.Debug|x86.ActiveCfg = Debug|Win32
		{984B7F0B-B45A-4F9C-B452-2831AC6D0B58}.Debug|x86.Build.0 = Debug|Win32
		{984B7F0B-B45A-4F9C-B452-2831AC6D0B58}.Release|x64.ActiveCfg = Release|x64
		{984B7F0B-B45A-4F9C-B452-2831AC6D0B58}.Release|x64.Build.0 = Release|x64
		{984B7F0B-B45A-4F9C-B452-2831AC6D0B58}.Release|x86.ActiveCfg = Release|Win32
		{984B7F0B-B45A-4F9C-B452-2831AC6D0B58}.Release|x86.Build.0 = Release|Win32
	EndGlobalSection
	GlobalSection(SolutionProperties) = preSolution
		HideSolutionNode = FALSE
	EndGlobalSection
EndGlobal
